
Microsoft Visual Studio Solution File, Format Version 12.00
# Visual Studio Version 17
VisualStudioVersion = 17.5.002.0
MinimumVisualStudioVersion = 10.0.40219.1
Project("{9A19103F-16F7-4668-BE54-9A1E7A4F7556}") = "LB12 - SOFIA PAIZ 1092224", "LB12 - SOFIA PAIZ 1092224.csproj", "{86C7EAE9-BC63-406B-9812-D504F4113966}"
EndProject
Global
	GlobalSection(SolutionConfigurationPlatforms) = preSolution
		Debug|Any CPU = Debug|Any CPU
		Release|Any CPU = Release|Any CPU
	EndGlobalSection
	GlobalSection(ProjectConfigurationPlatforms) = postSolution
		{86C7EAE9-BC63-406B-9812-D504F4113966}.Debug|Any CPU.ActiveCfg = Debug|Any CPU
		{86C7EAE9-BC63-406B-9812-D504F4113966}.Debug|Any CPU.Build.0 = Debug|Any CPU
		{86C7EAE9-BC63-406B-9812-D504F4113966}.Release|Any CPU.ActiveCfg = Release|Any CPU
		{86C7EAE9-BC63-406B-9812-D504F4113966}.Release|Any CPU.Build.0 = Release|Any CPU
	EndGlobalSection
	GlobalSection(SolutionProperties) = preSolution
		HideSolutionNode = FALSE
	EndGlobalSection
	GlobalSection(ExtensibilityGlobals) = postSolution
		SolutionGuid = {882D2A24-01AE-444A-B4E8-7717933CD461}
	EndGlobalSection
EndGlobal
